// !$*UTF8*$!
{
	archiveVersion = 1;
	classes = {
	};
	objectVersion = 46;
	objects = {

/* Begin PBXBuildFile section */
		BCF47FDA1D07F13E00F2B33F /* main.m in Sources */ = {isa = PBXBuildFile; fileRef = BCF47FD91D07F13E00F2B33F /* main.m */; };
		BCF47FDD1D07F13E00F2B33F /* AppDelegate.m in Sources */ = {isa = PBXBuildFile; fileRef = BCF47FDC1D07F13E00F2B33F /* AppDelegate.m */; };
		BCF47FE01D07F13E00F2B33F /* ViewController.m in Sources */ = {isa = PBXBuildFile; fileRef = BCF47FDF1D07F13E00F2B33F /* ViewController.m */; };
		BCF47FE31D07F13E00F2B33F /* Main.storyboard in Resources */ = {isa = PBXBuildFile; fileRef = BCF47FE11D07F13E00F2B33F /* Main.storyboard */; };
		BCF47FE51D07F13E00F2B33F /* Images.xcassets in Resources */ = {isa = PBXBuildFile; fileRef = BCF47FE41D07F13E00F2B33F /* Images.xcassets */; };
		BCF47FE81D07F13E00F2B33F /* LaunchScreen.xib in Resources */ = {isa = PBXBuildFile; fileRef = BCF47FE61D07F13E00F2B33F /* LaunchScreen.xib */; };
		BCF47FF41D07F13F00F2B33F /* ZBFreeLimitTests.m in Sources */ = {isa = PBXBuildFile; fileRef = BCF47FF31D07F13F00F2B33F /* ZBFreeLimitTests.m */; };
		BCF47FFF1D07F5E400F2B33F /* ZBViewController.m in Sources */ = {isa = PBXBuildFile; fileRef = BCF47FFE1D07F5E400F2B33F /* ZBViewController.m */; };
/* End PBXBuildFile section */

/* Begin PBXContainerItemProxy section */
		BCF47FEE1D07F13F00F2B33F /* PBXContainerItemProxy */ = {
			isa = PBXContainerItemProxy;
			containerPortal = BCF47FCC1D07F13E00F2B33F /* Project object */;
			proxyType = 1;
			remoteGlobalIDString = BCF47FD31D07F13E00F2B33F;
			remoteInfo = ZBFreeLimit;
		};
/* End PBXContainerItemProxy section */

/* Begin PBXFileReference section */
		BCF47FD41D07F13E00F2B33F /* ZBFreeLimit.app */ = {isa = PBXFileReference; explicitFileType = wrapper.application; includeInIndex = 0; path = ZBFreeLimit.app; sourceTree = BUILT_PRODUCTS_DIR; };
		BCF47FD81D07F13E00F2B33F /* Info.plist */ = {isa = PBXFileReference; lastKnownFileType = text.plist.xml; path = Info.plist; sourceTree = "<group>"; };
		BCF47FD91D07F13E00F2B33F /* main.m */ = {isa = PBXFileReference; lastKnownFileType = sourcecode.c.objc; path = main.m; sourceTree = "<group>"; };
		BCF47FDB1D07F13E00F2B33F /* AppDelegate.h */ = {isa = PBXFileReference; lastKnownFileType = sourcecode.c.h; path = AppDelegate.h; sourceTree = "<group>"; };
		BCF47FDC1D07F13E00F2B33F /* AppDelegate.m */ = {isa = PBXFileReference; lastKnownFileType = sourcecode.c.objc; path = AppDelegate.m; sourceTree = "<group>"; };
		BCF47FDE1D07F13E00F2B33F /* ViewController.h */ = {isa = PBXFileReference; lastKnownFileType = sourcecode.c.h; path = ViewController.h; sourceTree = "<group>"; };
		BCF47FDF1D07F13E00F2B33F /* ViewController.m */ = {isa = PBXFileReference; lastKnownFileType = sourcecode.c.objc; path = ViewController.m; sourceTree = "<group>"; };
		BCF47FE21D07F13E00F2B33F /* Base */ = {isa = PBXFileReference; lastKnownFileType = file.storyboard; name = Base; path = Base.lproj/Main.storyboard; sourceTree = "<group>"; };
		BCF47FE41D07F13E00F2B33F /* Images.xcassets */ = {isa = PBXFileReference; lastKnownFileType = folder.assetcatalog; path = Images.xcassets; sourceTree = "<group>"; };
		BCF47FE71D07F13E00F2B33F /* Base */ = {isa = PBXFileReference; lastKnownFileType = file.xib; name = Base; path = Base.lproj/LaunchScreen.xib; sourceTree = "<group>"; };
		BCF47FED1D07F13F00F2B33F /* ZBFreeLimitTests.xctest */ = {isa = PBXFileReference; explicitFileType = wrapper.cfbundle; includeInIndex = 0; path = ZBFreeLimitTests.xctest; sourceTree = BUILT_PRODUCTS_DIR; };
		BCF47FF21D07F13F00F2B33F /* Info.plist */ = {isa = PBXFileReference; lastKnownFileType = text.plist.xml; path = Info.plist; sourceTree = "<group>"; };
		BCF47FF31D07F13F00F2B33F /* ZBFreeLimitTests.m */ = {isa = PBXFileReference; lastKnownFileType = sourcecode.c.objc; path = ZBFreeLimitTests.m; sourceTree = "<group>"; };
		BCF47FFD1D07F5E400F2B33F /* ZBViewController.h */ = {isa = PBXFileReference; fileEncoding = 4; lastKnownFileType = sourcecode.c.h; path = ZBViewController.h; sourceTree = "<group>"; };
		BCF47FFE1D07F5E400F2B33F /* ZBViewController.m */ = {isa = PBXFileReference; fileEncoding = 4; lastKnownFileType = sourcecode.c.objc; path = ZBViewController.m; sourceTree = "<group>"; };
/* End PBXFileReference section */

/* Begin PBXFrameworksBuildPhase section */
		BCF47FD11D07F13E00F2B33F /* Frameworks */ = {
			isa = PBXFrameworksBuildPhase;
			buildActionMask = 2147483647;
			files = (
			);
			runOnlyForDeploymentPostprocessing = 0;
		};
		BCF47FEA1D07F13F00F2B33F /* Frameworks */ = {
			isa = PBXFrameworksBuildPhase;
			buildActionMask = 2147483647;
			files = (
			);
			runOnlyForDeploymentPostprocessing = 0;
		};
/* End PBXFrameworksBuildPhase section */

/* Begin PBXGroup section */
		BCF47FCB1D07F13E00F2B33F = {
			isa = PBXGroup;
			children = (
				BCF47FD61D07F13E00F2B33F /* ZBFreeLimit */,
				BCF47FF01D07F13F00F2B33F /* ZBFreeLimitTests */,
				BCF47FD51D07F13E00F2B33F /* Products */,
			);
			sourceTree = "<group>";
		};
		BCF47FD51D07F13E00F2B33F /* Products */ = {
			isa = PBXGroup;
			children = (
				BCF47FD41D07F13E00F2B33F /* ZBFreeLimit.app */,
				BCF47FED1D07F13F00F2B33F /* ZBFreeLimitTests.xctest */,
			);
			name = Products;
			sourceTree = "<group>";
		};
		BCF47FD61D07F13E00F2B33F /* ZBFreeLimit */ = {
			isa = PBXGroup;
			children = (
				BCF47FDB1D07F13E00F2B33F /* AppDelegate.h */,
				BCF47FDC1D07F13E00F2B33F /* AppDelegate.m */,
				BCF47FDE1D07F13E00F2B33F /* ViewController.h */,
				BCF47FDF1D07F13E00F2B33F /* ViewController.m */,
				BCF47FFD1D07F5E400F2B33F /* ZBViewController.h */,
				BCF47FFE1D07F5E400F2B33F /* ZBViewController.m */,
				BCF47FE11D07F13E00F2B33F /* Main.storyboard */,
				BCF47FE41D07F13E00F2B33F /* Images.xcassets */,
				BCF47FE61D07F13E00F2B33F /* LaunchScreen.xib */,
				BCF47FD71D07F13E00F2B33F /* Supporting Files */,
			);
			path = ZBFreeLimit;
			sourceTree = "<group>";
		};
		BCF47FD71D07F13E00F2B33F /* Supporting Files */ = {
			isa = PBXGroup;
			children = (
				BCF47FD81D07F13E00F2B33F /* Info.plist */,
				BCF47FD91D07F13E00F2B33F /* main.m */,
			);
			name = "Supporting Files";
			sourceTree = "<group>";
		};
		BCF47FF01D07F13F00F2B33F /* ZBFreeLimitTests */ = {
			isa = PBXGroup;
			children = (
				BCF47FF31D07F13F00F2B33F /* ZBFreeLimitTests.m */,
				BCF47FF11D07F13F00F2B33F /* Supporting Files */,
			);
			path = ZBFreeLimitTests;
			sourceTree = "<group>";
		};
		BCF47FF11D07F13F00F2B33F /* Supporting Files */ = {
			isa = PBXGroup;
			children = (
				BCF47FF21D07F13F00F2B33F /* Info.plist */,
			);
			name = "Supporting Files";
			sourceTree = "<group>";
		};
/* End PBXGroup section */

/* Begin PBXNativeTarget section */
		BCF47FD31D07F13E00F2B33F /* ZBFreeLimit */ = {
			isa = PBXNativeTarget;
			buildConfigurationList = BCF47FF71D07F13F00F2B33F /* Build configuration list for PBXNativeTarget "ZBFreeLimit" */;
			buildPhases = (
				BCF47FD01D07F13E00F2B33F /* Sources */,
				BCF47FD11D07F13E00F2B33F /* Frameworks */,
				BCF47FD21D07F13E00F2B33F /* Resources */,
			);
			buildRules = (
			);
			dependencies = (
			);
			name = ZBFreeLimit;
			productName = ZBFreeLimit;
			productReference = BCF47FD41D07F13E00F2B33F /* ZBFreeLimit.app */;
			productType = "com.apple.product-type.application";
		};
		BCF47FEC1D07F13F00F2B33F /* ZBFreeLimitTests */ = {
			isa = PBXNativeTarget;
			buildConfigurationList = BCF47FFA1D07F13F00F2B33F /* Build configuration list for PBXNativeTarget "ZBFreeLimitTests" */;
			buildPhases = (
				BCF47FE91D07F13F00F2B33F /* Sources */,
				BCF47FEA1D07F13F00F2B33F /* Frameworks */,
				BCF47FEB1D07F13F00F2B33F /* Resources */,
			);
			buildRules = (
			);
			dependencies = (
				BCF47FEF1D07F13F00F2B33F /* PBXTargetDependency */,
			);
			name = ZBFreeLimitTests;
			productName = ZBFreeLimitTests;
			productReference = BCF47FED1D07F13F00F2B33F /* ZBFreeLimitTests.xctest */;
			productType = "com.apple.product-type.bundle.unit-test";
		};
/* End PBXNativeTarget section */

/* Begin PBXProject section */
		BCF47FCC1D07F13E00F2B33F /* Project object */ = {
			isa = PBXProject;
			attributes = {
				LastUpgradeCheck = 0640;
				ORGANIZATIONNAME = abc;
				TargetAttributes = {
					BCF47FD31D07F13E00F2B33F = {
						CreatedOnToolsVersion = 6.4;
					};
					BCF47FEC1D07F13F00F2B33F = {
						CreatedOnToolsVersion = 6.4;
						TestTargetID = BCF47FD31D07F13E00F2B33F;
					};
				};
			};
			buildConfigurationList = BCF47FCF1D07F13E00F2B33F /* Build configuration list for PBXProject "ZBFreeLimit" */;
			compatibilityVersion = "Xcode 3.2";
			developmentRegion = English;
			hasScannedForEncodings = 0;
			knownRegions = (
				en,
				Base,
			);
			mainGroup = BCF47FCB1D07F13E00F2B33F;
			productRefGroup = BCF47FD51D07F13E00F2B33F /* Products */;
			projectDirPath = "";
			projectRoot = "";
			targets = (
				BCF47FD31D07F13E00F2B33F /* ZBFreeLimit */,
				BCF47FEC1D07F13F00F2B33F /* ZBFreeLimitTests */,
			);
		};
/* End PBXProject section */

/* Begin PBXResourcesBuildPhase section */
		BCF47FD21D07F13E00F2B33F /* Resources */ = {
			isa = PBXResourcesBuildPhase;
			buildActionMask = 2147483647;
			files = (
				BCF47FE31D07F13E00F2B33F /* Main.storyboard in Resources */,
				BCF47FE81D07F13E00F2B33F /* LaunchScreen.xib in Resources */,
				BCF47FE51D07F13E00F2B33F /* Images.xcassets in Resources */,
			);
			runOnlyForDeploymentPostprocessing = 0;
		};
		BCF47FEB1D07F13F00F2B33F /* Resources */ = {
			isa = PBXResourcesBuildPhase;
			buildActionMask = 2147483647;
			files = (
			);
			runOnlyForDeploymentPostprocessing = 0;
		};
/* End PBXResourcesBuildPhase section */

/* Begin PBXSourcesBuildPhase section */
		BCF47FD01D07F13E00F2B33F /* Sources */ = {
			isa = PBXSourcesBuildPhase;
			buildActionMask = 2147483647;
			files = (
				BCF47FFF1D07F5E400F2B33F /* ZBViewController.m in Sources */,
				BCF47FE01D07F13E00F2B33F /* ViewController.m in Sources */,
				BCF47FDD1D07F13E00F2B33F /* AppDelegate.m in Sources */,
				BCF47FDA1D07F13E00F2B33F /* main.m in Sources */,
			);
			runOnlyForDeploymentPostprocessing = 0;
		};
		BCF47FE91D07F13F00F2B33F /* Sources */ = {
			isa = PBXSourcesBuildPhase;
			buildActionMask = 2147483647;
			files = (
				BCF47FF41D07F13F00F2B33F /* ZBFreeLimitTests.m in Sources */,
			);
			runOnlyForDeploymentPostprocessing = 0;
		};
/* End PBXSourcesBuildPhase section */

/* Begin PBXTargetDependency section */
		BCF47FEF1D07F13F00F2B33F /* PBXTargetDependency */ = {
			isa = PBXTargetDependency;
			target = BCF47FD31D07F13E00F2B33F /* ZBFreeLimit */;
			targetProxy = BCF47FEE1D07F13F00F2B33F /* PBXContainerItemProxy */;
		};
/* End PBXTargetDependency section */

/* Begin PBXVariantGroup section */
		BCF47FE11D07F13E00F2B33F /* Main.storyboard */ = {
			isa = PBXVariantGroup;
			children = (
				BCF47FE21D07F13E00F2B33F /* Base */,
			);
			name = Main.storyboard;
			sourceTree = "<group>";
		};
		BCF47FE61D07F13E00F2B33F /* LaunchScreen.xib */ = {
			isa = PBXVariantGroup;
			children = (
				BCF47FE71D07F13E00F2B33F /* Base */,
			);
			name = LaunchScreen.xib;
			sourceTree = "<group>";
		};
/* End PBXVariantGroup section */

/* Begin XCBuildConfiguration section */
		BCF47FF51D07F13F00F2B33F /* Debug */ = {
			isa = XCBuildConfiguration;
			buildSettings = {
				ALWAYS_SEARCH_USER_PATHS = NO;
				CLANG_CXX_LANGUAGE_STANDARD = "gnu++0x";
				CLANG_CXX_LIBRARY = "libc++";
				CLANG_ENABLE_MODULES = YES;
				CLANG_ENABLE_OBJC_ARC = YES;
				CLANG_WARN_BOOL_CONVERSION = YES;
				CLANG_WARN_CONSTANT_CONVERSION = YES;
				CLANG_WARN_DIRECT_OBJC_ISA_USAGE = YES_ERROR;
				CLANG_WARN_EMPTY_BODY = YES;
				CLANG_WARN_ENUM_CONVERSION = YES;
				CLANG_WARN_INT_CONVERSION = YES;
				CLANG_WARN_OBJC_ROOT_CLASS = YES_ERROR;
				CLANG_WARN_UNREACHABLE_CODE = YES;
				CLANG_WARN__DUPLICATE_METHOD_MATCH = YES;
				"CODE_SIGN_IDENTITY[sdk=iphoneos*]" = "iPhone Developer";
				COPY_PHASE_STRIP = NO;
				DEBUG_INFORMATION_FORMAT = "dwarf-with-dsym";
				ENABLE_STRICT_OBJC_MSGSEND = YES;
				GCC_C_LANGUAGE_STANDARD = gnu99;
				GCC_DYNAMIC_NO_PIC = NO;
				GCC_NO_COMMON_BLOCKS = YES;
				GCC_OPTIMIZATION_LEVEL = 0;
				GCC_PREPROCESSOR_DEFINITIONS = (
					"DEBUG=1",
					"$(inherited)",
				);
				GCC_SYMBOLS_PRIVATE_EXTERN = NO;
				GCC_WARN_64_TO_32_BIT_CONVERSION = YES;
				GCC_WARN_ABOUT_RETURN_TYPE = YES_ERROR;
				GCC_WARN_UNDECLARED_SELECTOR = YES;
				GCC_WARN_UNINITIALIZED_AUTOS = YES_AGGRESSIVE;
				GCC_WARN_UNUSED_FUNCTION = YES;
				GCC_WARN_UNUSED_VARIABLE = YES;
				IPHONEOS_DEPLOYMENT_TARGET = 8.4;
				MTL_ENABLE_DEBUG_INFO = YES;
				ONLY_ACTIVE_ARCH = YES;
				SDKROOT = iphoneos;
				TARGETED_DEVICE_FAMILY = "1,2";
			};
			name = Debug;
		};
		BCF47FF61D07F13F00F2B33F /* Release */ = {
			isa = XCBuildConfiguration;
			buildSettings = {
				ALWAYS_SEARCH_USER_PATHS = NO;
				CLANG_CXX_LANGUAGE_STANDARD = "gnu++0x";
				CLANG_CXX_LIBRARY = "libc++";
				CLANG_ENABLE_MODULES = YES;
				CLANG_ENABLE_OBJC_ARC = YES;
				CLANG_WARN_BOOL_CONVERSION = YES;
				CLANG_WARN_CONSTANT_CONVERSION = YES;
				CLANG_WARN_DIRECT_OBJC_ISA_USAGE = YES_ERROR;
				CLANG_WARN_EMPTY_BODY = YES;
				CLANG_WARN_ENUM_CONVERSION = YES;
				CLANG_WARN_INT_CONVERSION = YES;
				CLANG_WARN_OBJC_ROOT_CLASS = YES_ERROR;
				CLANG_WARN_UNREACHABLE_CODE = YES;
				CLANG_WARN__DUPLICATE_METHOD_MATCH = YES;
				"CODE_SIGN_IDENTITY[sdk=iphoneos*]" = "iPhone Developer";
				COPY_PHASE_STRIP = NO;
				DEBUG_INFORMATION_FORMAT = "dwarf-with-dsym";
				ENABLE_NS_ASSERTIONS = NO;
				ENABLE_STRICT_OBJC_MSGSEND = YES;
				GCC_C_LANGUAGE_STANDARD = gnu99;
				GCC_NO_COMMON_BLOCKS = YES;
				GCC_WARN_64_TO_32_BIT_CONVERSION = YES;
				GCC_WARN_ABOUT_RETURN_TYPE = YES_ERROR;
				GCC_WARN_UNDECLARED_SELECTOR = YES;
				GCC_WARN_UNINITIALIZED_AUTOS = YES_AGGRESSIVE;
				GCC_WARN_UNUSED_FUNCTION = YES;
				GCC_WARN_UNUSED_VARIABLE = YES;
				IPHONEOS_DEPLOYMENT_TARGET = 8.4;
				MTL_ENABLE_DEBUG_INFO = NO;
				SDKROOT = iphoneos;
				TARGETED_DEVICE_FAMILY = "1,2";
				VALIDATE_PRODUCT = YES;
			};
			name = Release;
		};
		BCF47FF81D07F13F00F2B33F /* Debug */ = {
			isa = XCBuildConfiguration;
			buildSettings = {
				ASSETCATALOG_COMPILER_APPICON_NAME = AppIcon;
				INFOPLIST_FILE = ZBFreeLimit/Info.plist;
				LD_RUNPATH_SEARCH_PATHS = "$(inherited) @executable_path/Frameworks";
				PRODUCT_NAME = "$(TARGET_NAME)";
			};
			name = Debug;
		};
		BCF47FF91D07F13F00F2B33F /* Release */ = {
			isa = XCBuildConfiguration;
			buildSettings = {
				ASSETCATALOG_COMPILER_APPICON_NAME = AppIcon;
				INFOPLIST_FILE = ZBFreeLimit/Info.plist;
				LD_RUNPATH_SEARCH_PATHS = "$(inherited) @executable_path/Frameworks";
				PRODUCT_NAME = "$(TARGET_NAME)";
			};
			name = Release;
		};
		BCF47FFB1D07F13F00F2B33F /* Debug */ = {
			isa = XCBuildConfiguration;
			buildSettings = {
				BUNDLE_LOADER = "$(TEST_HOST)";
				FRAMEWORK_SEARCH_PATHS = (
					"$(SDKROOT)/Developer/Library/Frameworks",
					"$(inherited)",
				);
				GCC_PREPROCESSOR_DEFINITIONS = (
					"DEBUG=1",
					"$(inherited)",
				);
				INFOPLIST_FILE = ZBFreeLimitTests/Info.plist;
				LD_RUNPATH_SEARCH_PATHS = "$(inherited) @executable_path/Frameworks @loader_path/Frameworks";
				PRODUCT_NAME = "$(TARGET_NAME)";
				TEST_HOST = "$(BUILT_PRODUCTS_DIR)/ZBFreeLimit.app/ZBFreeLimit";
			};
			name = Debug;
		};
		BCF47FFC1D07F13F00F2B33F /* Release */ = {
			isa = XCBuildConfiguration;
			buildSettings = {
				BUNDLE_LOADER = "$(TEST_HOST)";
				FRAMEWORK_SEARCH_PATHS = (
					"$(SDKROOT)/Developer/Library/Frameworks",
					"$(inherited)",
				);
				INFOPLIST_FILE = ZBFreeLimitTests/Info.plist;
				LD_RUNPATH_SEARCH_PATHS = "$(inherited) @executable_path/Frameworks @loader_path/Frameworks";
				PRODUCT_NAME = "$(TARGET_NAME)";
				TEST_HOST = "$(BUILT_PRODUCTS_DIR)/ZBFreeLimit.app/ZBFreeLimit";
			};
			name = Release;
		};
/* End XCBuildConfiguration section */

/* Begin XCConfigurationList section */
		BCF47FCF1D07F13E00F2B33F /* Build configuration list for PBXProject "ZBFreeLimit" */ = {
			isa = XCConfigurationList;
			buildConfigurations = (
				BCF47FF51D07F13F00F2B33F /* Debug */,
				BCF47FF61D07F13F00F2B33F /* Release */,
			);
			defaultConfigurationIsVisible = 0;
			defaultConfigurationName = Release;
		};
		BCF47FF71D07F13F00F2B33F /* Build configuration list for PBXNativeTarget "ZBFreeLimit" */ = {
			isa = XCConfigurationList;
			buildConfigurations = (
				BCF47FF81D07F13F00F2B33F /* Debug */,
				BCF47FF91D07F13F00F2B33F /* Release */,
			);
			defaultConfigurationIsVisible = 0;
			defaultConfigurationName = Release;
		};
		BCF47FFA1D07F13F00F2B33F /* Build configuration list for PBXNativeTarget "ZBFreeLimitTests" */ = {
			isa = XCConfigurationList;
			buildConfigurations = (
				BCF47FFB1D07F13F00F2B33F /* Debug */,
				BCF47FFC1D07F13F00F2B33F /* Release */,
			);
			defaultConfigurationIsVisible = 0;
			defaultConfigurationName = Release;
		};
/* End XCConfigurationList section */
	};
	rootObject = BCF47FCC1D07F13E00F2B33F /* Project object */;
}
